Microsoft Visual Studio Solution File, Format Version 12.00
# Visual Studio Version 17
VisualStudioVersion = 17.5.2.0
MinimumVisualStudioVersion = 10.0.40219.1
Project("{FAE04EC0-301F-11D3-BF4B-00C04F79EFBC}") = "HtmxStaticSite", "HtmxStaticSite.csproj", "{2D212173-EA9C-2193-A942-867254814291}"
EndProject
Global
	GlobalSection(SolutionConfigurationPlatforms) = preSolution
		Debug|Any CPU = Debug|Any CPU
		Release|Any CPU = Release|Any CPU
	EndGlobalSection
	GlobalSection(ProjectConfigurationPlatforms) = postSolution
		{2D212173-EA9C-2193-A942-867254814291}.Debug|Any CPU.ActiveCfg = Debug|Any CPU
		{2D212173-EA9C-2193-A942-867254814291}.Debug|Any CPU.Build.0 = Debug|Any CPU
		{2D212173-EA9C-2193-A942-867254814291}.Release|Any CPU.ActiveCfg = Release|Any CPU
		{2D212173-EA9C-2193-A942-867254814291}.Release|Any CPU.Build.0 = Release|Any CPU
	EndGlobalSection
	GlobalSection(SolutionProperties) = preSolution
		HideSolutionNode = FALSE
	EndGlobalSection
	GlobalSection(ExtensibilityGlobals) = postSolution
		SolutionGuid = {1C18C23D-D152-4EE3-B03C-1BE796C4D28B}
	EndGlobalSection
EndGlobal
